
Microsoft Visual Studio Solution File, Format Version 12.00
# Visual Studio Version 16
VisualStudioVersion = 16.0.29306.81
MinimumVisualStudioVersion = 10.0.40219.1
Project("{FAE04EC0-301F-11D3-BF4B-00C04F79EFBC}") = "The Genius Bubble Tea", "The Genius Bubble Tea\The Genius Bubble Tea.csproj", "{A8E6A7CF-17D7-46B2-B8E5-3B0AD35BF1D4}"
EndProject
Global
	GlobalSection(SolutionConfigurationPlatforms) = preSolution
		Debug|Any CPU = Debug|Any CPU
		Release|Any CPU = Release|Any CPU
	EndGlobalSection
	GlobalSection(ProjectConfigurationPlatforms) = postSolution
		{A8E6A7CF-17D7-46B2-B8E5-3B0AD35BF1D4}.Debug|Any CPU.ActiveCfg = Debug|Any CPU
		{A8E6A7CF-17D7-46B2-B8E5-3B0AD35BF1D4}.Debug|Any CPU.Build.0 = Debug|Any CPU
		{A8E6A7CF-17D7-46B2-B8E5-3B0AD35BF1D4}.Release|Any CPU.ActiveCfg = Release|Any CPU
		{A8E6A7CF-17D7-46B2-B8E5-3B0AD35BF1D4}.Release|Any CPU.Build.0 = Release|Any CPU
	EndGlobalSection
	GlobalSection(SolutionProperties) = preSolution
		HideSolutionNode = FALSE
	EndGlobalSection
	GlobalSection(ExtensibilityGlobals) = postSolution
		SolutionGuid = {9D6CD72D-4BA9-40E4-A60D-EB106EE2466D}
	EndGlobalSection
EndGlobal
